
Microsoft Visual Studio Solution File, Format Version 12.00
# Visual Studio Version 16
VisualStudioVersion = 16.0.30128.74
MinimumVisualStudioVersion = 10.0.40219.1
Project("{9A19103F-16F7-4668-BE54-9A1E7A4F7556}") = "Searchfight.Console", "Searchfight.Console\Searchfight.Console.csproj", "{D89A5238-0CEB-4280-B9AE-CBD3D507A458}"
EndProject
Project("{9A19103F-16F7-4668-BE54-9A1E7A4F7556}") = "Searchfight.Infrastructure", "Searchfight.Infrastructure\Searchfight.Infrastructure.csproj", "{4C097C0D-D439-450B-8E72-94923F22024B}"
EndProject
Project("{9A19103F-16F7-4668-BE54-9A1E7A4F7556}") = "Searchfight.Core", "Searchfight.Core\Searchfight.Core.csproj", "{2DDD1456-8CB1-4427-8771-0105FBA1BA00}"
EndProject
Project("{9A19103F-16F7-4668-BE54-9A1E7A4F7556}") = "Searchfight.Domain", "Searchfight.Domain\Searchfight.Domain.csproj", "{DD58F2B1-487D-4D46-B7BB-212BCBA3EA32}"
EndProject
Project("{2150E333-8FDC-42A3-9474-1A3956D46DE8}") = "tests", "tests", "{A07EDA94-8410-4538-AE25-A68F24610443}"
EndProject
Project("{9A19103F-16F7-4668-BE54-9A1E7A4F7556}") = "Searchfight.Domain.Tests", "Searchfight.Domain.Tests\Searchfight.Domain.Tests.csproj", "{C4438073-665C-440C-B509-7D2520E4DA42}"
EndProject
Project("{9A19103F-16F7-4668-BE54-9A1E7A4F7556}") = "Searchfight.UI", "Searchfight.UI\Searchfight.UI.csproj", "{44AF3CCD-9A16-419B-ADF6-E341888E1311}"
EndProject
Project("{FAE04EC0-301F-11D3-BF4B-00C04F79EFBC}") = "Searchfight.UI.Tests", "Searchfight.UI.Tests\Searchfight.UI.Tests.csproj", "{6E0F2F33-0426-4DBD-A57D-46C6FADC9AC4}"
EndProject
Project("{FAE04EC0-301F-11D3-BF4B-00C04F79EFBC}") = "Searchfight.Infrastructure.Tests", "Searchfight.Infrastructure.Tests\Searchfight.Infrastructure.Tests.csproj", "{5720940C-B4FD-490D-A673-B14EECFA61F5}"
EndProject
Global
	GlobalSection(SolutionConfigurationPlatforms) = preSolution
		Debug|Any CPU = Debug|Any CPU
		Release|Any CPU = Release|Any CPU
	EndGlobalSection
	GlobalSection(ProjectConfigurationPlatforms) = postSolution
		{D89A5238-0CEB-4280-B9AE-CBD3D507A458}.Debug|Any CPU.ActiveCfg = Debug|Any CPU
		{D89A5238-0CEB-4280-B9AE-CBD3D507A458}.Debug|Any CPU.Build.0 = Debug|Any CPU
		{D89A5238-0CEB-4280-B9AE-CBD3D507A458}.Release|Any CPU.ActiveCfg = Release|Any CPU
		{D89A5238-0CEB-4280-B9AE-CBD3D507A458}.Release|Any CPU.Build.0 = Release|Any CPU
		{4C097C0D-D439-450B-8E72-94923F22024B}.Debug|Any CPU.ActiveCfg = Debug|Any CPU
		{4C097C0D-D439-450B-8E72-94923F22024B}.Debug|Any CPU.Build.0 = Debug|Any CPU
		{4C097C0D-D439-450B-8E72-94923F22024B}.Release|Any CPU.ActiveCfg = Release|Any CPU
		{4C097C0D-D439-450B-8E72-94923F22024B}.Release|Any CPU.Build.0 = Release|Any CPU
		{2DDD1456-8CB1-4427-8771-0105FBA1BA00}.Debug|Any CPU.ActiveCfg = Debug|Any CPU
		{2DDD1456-8CB1-4427-8771-0105FBA1BA00}.Debug|Any CPU.Build.0 = Debug|Any CPU
		{2DDD1456-8CB1-4427-8771-0105FBA1BA00}.Release|Any CPU.ActiveCfg = Release|Any CPU
		{2DDD1456-8CB1-4427-8771-0105FBA1BA00}.Release|Any CPU.Build.0 = Release|Any CPU
		{DD58F2B1-487D-4D46-B7BB-212BCBA3EA32}.Debug|Any CPU.ActiveCfg = Debug|Any CPU
		{DD58F2B1-487D-4D46-B7BB-212BCBA3EA32}.Debug|Any CPU.Build.0 = Debug|Any CPU
		{DD58F2B1-487D-4D46-B7BB-212BCBA3EA32}.Release|Any CPU.ActiveCfg = Release|Any CPU
		{DD58F2B1-487D-4D46-B7BB-212BCBA3EA32}.Release|Any CPU.Build.0 = Release|Any CPU
		{C4438073-665C-440C-B509-7D2520E4DA42}.Debug|Any CPU.ActiveCfg = Debug|Any CPU
		{C4438073-665C-440C-B509-7D2520E4DA42}.Debug|Any CPU.Build.0 = Debug|Any CPU
		{C4438073-665C-440C-B509-7D2520E4DA42}.Release|Any CPU.ActiveCfg = Release|Any CPU
		{C4438073-665C-440C-B509-7D2520E4DA42}.Release|Any CPU.Build.0 = Release|Any CPU
		{44AF3CCD-9A16-419B-ADF6-E341888E1311}.Debug|Any CPU.ActiveCfg = Debug|Any CPU
		{44AF3CCD-9A16-419B-ADF6-E341888E1311}.Debug|Any CPU.Build.0 = Debug|Any CPU
		{44AF3CCD-9A16-419B-ADF6-E341888E1311}.Release|Any CPU.ActiveCfg = Release|Any CPU
		{44AF3CCD-9A16-419B-ADF6-E341888E1311}.Release|Any CPU.Build.0 = Release|Any CPU
		{6E0F2F33-0426-4DBD-A57D-46C6FADC9AC4}.Debug|Any CPU.ActiveCfg = Debug|Any CPU
		{6E0F2F33-0426-4DBD-A57D-46C6FADC9AC4}.Debug|Any CPU.Build.0 = Debug|Any CPU
		{6E0F2F33-0426-4DBD-A57D-46C6FADC9AC4}.Release|Any CPU.ActiveCfg = Release|Any CPU
		{6E0F2F33-0426-4DBD-A57D-46C6FADC9AC4}.Release|Any CPU.Build.0 = Release|Any CPU
		{5720940C-B4FD-490D-A673-B14EECFA61F5}.Debug|Any CPU.ActiveCfg = Debug|Any CPU
		{5720940C-B4FD-490D-A673-B14EECFA61F5}.Debug|Any CPU.Build.0 = Debug|Any CPU
		{5720940C-B4FD-490D-A673-B14EECFA61F5}.Release|Any CPU.ActiveCfg = Release|Any CPU
		{5720940C-B4FD-490D-A673-B14EECFA61F5}.Release|Any CPU.Build.0 = Release|Any CPU
	EndGlobalSection
	GlobalSection(SolutionProperties) = preSolution
		HideSolutionNode = FALSE
	EndGlobalSection
	GlobalSection(NestedProjects) = preSolution
		{C4438073-665C-440C-B509-7D2520E4DA42} = {A07EDA94-8410-4538-AE25-A68F24610443}
		{6E0F2F33-0426-4DBD-A57D-46C6FADC9AC4} = {A07EDA94-8410-4538-AE25-A68F24610443}
		{5720940C-B4FD-490D-A673-B14EECFA61F5} = {A07EDA94-8410-4538-AE25-A68F24610443}
	EndGlobalSection
	GlobalSection(ExtensibilityGlobals) = postSolution
		SolutionGuid = {E657394F-0E8C-41C1-88F3-2406482FD430}
	EndGlobalSection
EndGlobal
